<Solution>
  <Configurations>
    <Platform Name="Any CPU" />
    <Platform Name="x64" />
  </Configurations>
  <Folder Name="/Files/">
    <File Path="template.targets" />
  </Folder>
  <Project Path="src/Gameplay/PixelArtPlus/PixelArtPlus.csproj" />
  <Project Path="src/Management/PlayerEmail/PlayerEmail.csproj" />
  <Project Path="src/Gameplay/CustomDeathMessages/CustomDeathMessages.csproj" />
  <Project Path="src/Management/PluginLoader/PluginLoader.csproj" />
  <Project Path="src/Gameplay/BossCommandExecutor/BossCommandExecutor.csproj" />
</Solution>



